dependencies:
- name: pxc-db
  repository: https://percona.github.io/percona-helm-charts
  version: 1.10.0
- name: mysql
  repository: https://charts.bitnami.com/bitnami
  version: 8.8.21
digest: sha256:2d7c7bd2fe844a925e4b2ea9657f7a97a7429daf3a008b6277117054338bd242
generated: "2022-01-15T19:39:53.940458-05:00"
